
Microsoft Visual Studio Solution File, Format Version 12.00
# Visual Studio Version 17
VisualStudioVersion = 17.14.36121.58 d17.14
MinimumVisualStudioVersion = 10.0.40219.1
Project("{FAE04EC0-301F-11D3-BF4B-00C04F79EFBC}") = "05_Laboratory_Excercise", "05_Laboratory_Excercise\05_Laboratory_Excercise.csproj", "{094003A5-D3E2-464B-ADA8-8FA1111C6AFE}"
EndProject
Global
	GlobalSection(SolutionConfigurationPlatforms) = preSolution
		Debug|Any CPU = Debug|Any CPU
		Release|Any CPU = Release|Any CPU
	EndGlobalSection
	GlobalSection(ProjectConfigurationPlatforms) = postSolution
		{094003A5-D3E2-464B-ADA8-8FA1111C6AFE}.Debug|Any CPU.ActiveCfg = Debug|Any CPU
		{094003A5-D3E2-464B-ADA8-8FA1111C6AFE}.Debug|Any CPU.Build.0 = Debug|Any CPU
		{094003A5-D3E2-464B-ADA8-8FA1111C6AFE}.Release|Any CPU.ActiveCfg = Release|Any CPU
		{094003A5-D3E2-464B-ADA8-8FA1111C6AFE}.Release|Any CPU.Build.0 = Release|Any CPU
	EndGlobalSection
	GlobalSection(SolutionProperties) = preSolution
		HideSolutionNode = FALSE
	EndGlobalSection
	GlobalSection(ExtensibilityGlobals) = postSolution
		SolutionGuid = {0D679E6D-9864-4795-93E3-537967ABF257}
	EndGlobalSection
EndGlobal
